# THIS IS AN AUTOGENERATED FILE. DO NOT EDIT THIS FILE DIRECTLY.
# yarn lockfile v1


"@bufbuild/connect-node@^0.8.3":
  version "0.8.3"
  resolved "https://registry.yarnpkg.com/@bufbuild/connect-node/-/connect-node-0.8.3.tgz#c7ffeec4d46c47802cf140825294019540e42ded"
  integrity sha512-ldOHnWThAy5fT+20ZI74yALJ1z5DpyQ2UArQlMLXkkNIyBoEna3YfPxqoTqGBU4IdfFckwrQXDT+/KE4arJMIA==
  dependencies:
    "@bufbuild/connect" "0.8.3"
    headers-polyfill "^3.1.2"

"@bufbuild/connect-web@^0.2.1":
  version "0.2.1"
  resolved "https://registry.yarnpkg.com/@bufbuild/connect-web/-/connect-web-0.2.1.tgz#a7ee2914bf1b77d640fc4ee3c3a89d626f3015fa"
  integrity sha512-L580cL9VZCXcjwXMCvIvdFBqdQofVBQcL+jmSis7m8ZxPj5NQ4p7fUhQRTsZMWHkyWINdlZnr7WsHQL0BT7wPQ==

"@bufbuild/connect@0.8.3":
  version "0.8.3"
  resolved "https://registry.yarnpkg.com/@bufbuild/connect/-/connect-0.8.3.tgz#5eed5b2231ce7b0f9e9c504ea231d21eb7266ec4"
  integrity sha512-lk4JVYxRPRvELAiYIc4fALI2qh/gG8j0yYTSKzBkmy+DuJ7xvWQ81DX7zo1WhXaZRxiC9VDU3jfFwgbwYrd2eQ==

"@bufbuild/protobuf@0.1.1", "@bufbuild/protobuf@^0.1.1":
  version "0.1.1"
  resolved "https://registry.yarnpkg.com/@bufbuild/protobuf/-/protobuf-0.1.1.tgz#163dee03af49e82d300dfa2bf60c8c0f04c80b4c"
  integrity sha512-HAs82bdlN5aUsoTaJNsPd8driezDenOtAh7dVpO5xKEmyB6ibmRIV08MTlIVudnMYbFc1qw7RxhFHoQy0rSvgg==

"@bufbuild/protoc-gen-connect-web@^0.2.1":
  version "0.2.1"
  resolved "https://registry.yarnpkg.com/@bufbuild/protoc-gen-connect-web/-/protoc-gen-connect-web-0.2.1.tgz#0b29d583f46bec759592aacc2f21604552c2cc2b"
  integrity sha512-A/M/tXRe5LsdD8xeUBEBxhe8TCqzD6eqKbld9j0KNgsRbrRlYQEMtIBarXXb+dADg+dwcTGS9W/DcfdO9R+Icg==
  dependencies:
    "@bufbuild/protoplugin" "0.1.1"

"@bufbuild/protoc-gen-es@^0.1.1":
  version "0.1.1"
  resolved "https://registry.yarnpkg.com/@bufbuild/protoc-gen-es/-/protoc-gen-es-0.1.1.tgz#526aa846dd14d4515e5c67f9f0619a5df8b8d7e9"
  integrity sha512-FFY8GfbMgcgN/nt4DtB+IiLvLmfGjQ7dKYVb6ciKCMymXx5MsRxs4xnJXHtpEv2rDVpDYCOhPkjri8o4AYeSPQ==
  dependencies:
    "@bufbuild/protoplugin" "0.1.1"

"@bufbuild/protoplugin@0.1.1":
  version "0.1.1"
  resolved "https://registry.yarnpkg.com/@bufbuild/protoplugin/-/protoplugin-0.1.1.tgz#b51e68b5219d1f66a4ea91e248cb6c3b7af09542"
  integrity sha512-+zCwqiq6xbeM6OG02+eNCd4Rinu1Mtn+HsjMF8U8h5FazOj1fEP9SnXEabOfImOR83vHfk2jocqzrB4IkSZV2Q==
  dependencies:
    "@bufbuild/protobuf" "0.1.1"

"@gitpod/public-api@0.1.5-main.6530":
  version "0.1.5-main.6530"
  resolved "https://registry.yarnpkg.com/@gitpod/public-api/-/public-api-0.1.5-main.6530.tgz#715eea09fb916c4c3d066ef277907f87feea5cca"
  integrity sha512-dEccJwbIUHIx3lYsMX7knIs5j110sXK9Kt1SVZzR2gzpK8voI8efggC7TJuEzHVNZNgvr88HsxKp5BfSwTB7hQ==
  dependencies:
    "@bufbuild/connect-web" "^0.2.1"
    "@bufbuild/protobuf" "^0.1.1"
    "@bufbuild/protoc-gen-connect-web" "^0.2.1"
    "@bufbuild/protoc-gen-es" "^0.1.1"

headers-polyfill@^3.1.2:
  version "3.1.2"
  resolved "https://registry.yarnpkg.com/headers-polyfill/-/headers-polyfill-3.1.2.tgz#9a4dcb545c5b95d9569592ef7ec0708aab763fbe"
  integrity sha512-tWCK4biJ6hcLqTviLXVR9DTRfYGQMXEIUj3gwJ2rZ5wO/at3XtkI4g8mCvFdUF9l1KMBNCfmNAdnahm1cgavQA==
